github.com/davecgh/go-spew v1.1.1/go.mod h1:J7Y8YcW2NihsgmVo/mv3lAwl/skON4iLHjSsI+c5H38=
github.com/golang/glog v1.1.1/go.mod h1:zR+okUeTbrL6EL3xHUDxZuEtGv04p5shwip1+mL/rLQ=
github.com/patrikeh/go-deep v0.0.0-20230427173908-a2775168ab3d h1:uklDHZ8eaoO7TzqTu1bk/ijlkfadd8ogGfit4oIeSik=
github.com/patrikeh/go-deep v0.0.0-20230427173908-a2775168ab3d/go.mod h1:W7GtTeZHpwautuPVtKBFp1+df69GkwlOGD2cwvYeYIE=
github.com/pmezard/go-difflib v1.0.0/go.mod h1:iKH77koFhYxTK1pcRnkKkqfTogsbg7gZNVY4sRDYZ/4=
github.com/stretchr/testify v1.1.4/go.mod h1:a8OnRcib4nhh0OaRAV+Yts87kKdq0PP7pXfy6kDkUVs=
